
Microsoft Visual Studio Solution File, Format Version 12.00
# Visual Studio Version 17
VisualStudioVersion = 17.7.34031.279
MinimumVisualStudioVersion = 10.0.40219.1
Project("{FAE04EC0-301F-11D3-BF4B-00C04F79EFBC}") = "Software Project", "Software Project.csproj", "{3BF1CB09-AA1F-48F7-92C9-9A2BEDDAF877}"
EndProject
Global
	GlobalSection(SolutionConfigurationPlatforms) = preSolution
		Debug|Any CPU = Debug|Any CPU
		Release|Any CPU = Release|Any CPU
	EndGlobalSection
	GlobalSection(ProjectConfigurationPlatforms) = postSolution
		{3BF1CB09-AA1F-48F7-92C9-9A2BEDDAF877}.Debug|Any CPU.ActiveCfg = Debug|Any CPU
		{3BF1CB09-AA1F-48F7-92C9-9A2BEDDAF877}.Debug|Any CPU.Build.0 = Debug|Any CPU
		{3BF1CB09-AA1F-48F7-92C9-9A2BEDDAF877}.Release|Any CPU.ActiveCfg = Release|Any CPU
		{3BF1CB09-AA1F-48F7-92C9-9A2BEDDAF877}.Release|Any CPU.Build.0 = Release|Any CPU
	EndGlobalSection
	GlobalSection(SolutionProperties) = preSolution
		HideSolutionNode = FALSE
	EndGlobalSection
	GlobalSection(ExtensibilityGlobals) = postSolution
		SolutionGuid = {F4AF65CB-EE79-431B-A865-289FA68B548E}
	EndGlobalSection
EndGlobal
